
Microsoft Visual Studio Solution File, Format Version 12.00
# Visual Studio Version 16
VisualStudioVersion = 16.0.30517.126
MinimumVisualStudioVersion = 10.0.40219.1
Project("{9A19103F-16F7-4668-BE54-9A1E7A4F7556}") = "TodoList", "TodoList.csproj", "{575FABD2-ADF9-43AA-A341-1D59211A0EE6}"
EndProject
Global
	GlobalSection(SolutionConfigurationPlatforms) = preSolution
		Debug|Any CPU = Debug|Any CPU
		Release|Any CPU = Release|Any CPU
	EndGlobalSection
	GlobalSection(ProjectConfigurationPlatforms) = postSolution
		{575FABD2-ADF9-43AA-A341-1D59211A0EE6}.Debug|Any CPU.ActiveCfg = Debug|Any CPU
		{575FABD2-ADF9-43AA-A341-1D59211A0EE6}.Debug|Any CPU.Build.0 = Debug|Any CPU
		{575FABD2-ADF9-43AA-A341-1D59211A0EE6}.Release|Any CPU.ActiveCfg = Release|Any CPU
		{575FABD2-ADF9-43AA-A341-1D59211A0EE6}.Release|Any CPU.Build.0 = Release|Any CPU
	EndGlobalSection
	GlobalSection(SolutionProperties) = preSolution
		HideSolutionNode = FALSE
	EndGlobalSection
	GlobalSection(ExtensibilityGlobals) = postSolution
		SolutionGuid = {DC535ACA-AE72-45B4-8310-EB21121E3A79}
	EndGlobalSection
EndGlobal
